// !$*UTF8*$!
{
	archiveVersion = 1;
	classes = {
	};
	objectVersion = 56;
	objects = {

/* Begin PBXBuildFile section */
		282C640BE199843A2B4D2D43 /* Pods_KiwiKoin.framework in Frameworks */ = {isa = PBXBuildFile; fileRef = F0C75457162140D684961BD8 /* Pods_KiwiKoin.framework */; };
		643B108D2B861D2800FFFDB7 /* CoinResponse.swift in Sources */ = {isa = PBXBuildFile; fileRef = 643B108C2B861D2800FFFDB7 /* CoinResponse.swift */; };
		643B108F2B8622E200FFFDB7 /* WebService.swift in Sources */ = {isa = PBXBuildFile; fileRef = 643B108E2B8622E200FFFDB7 /* WebService.swift */; };
		643B10932B88B84E00FFFDB7 /* Enums.swift in Sources */ = {isa = PBXBuildFile; fileRef = 643B10922B88B84E00FFFDB7 /* Enums.swift */; };
		643B10952B88B9AA00FFFDB7 /* CoinConverterViewModel.swift in Sources */ = {isa = PBXBuildFile; fileRef = 643B10942B88B9AA00FFFDB7 /* CoinConverterViewModel.swift */; };
		643B10982B8CC1F600FFFDB7 /* String.swift in Sources */ = {isa = PBXBuildFile; fileRef = 643B10972B8CC1F600FFFDB7 /* String.swift */; };
		643B109A2B8CDC3A00FFFDB7 /* UIView.swift in Sources */ = {isa = PBXBuildFile; fileRef = 643B10992B8CDC3A00FFFDB7 /* UIView.swift */; };
		643B109D2B8D169500FFFDB7 /* UserDefault.swift in Sources */ = {isa = PBXBuildFile; fileRef = 643B109C2B8D169500FFFDB7 /* UserDefault.swift */; };
		64B6CDCE2B821A9100C19276 /* AppDelegate.swift in Sources */ = {isa = PBXBuildFile; fileRef = 64B6CDCD2B821A9100C19276 /* AppDelegate.swift */; };
		64B6CDD02B821A9100C19276 /* SceneDelegate.swift in Sources */ = {isa = PBXBuildFile; fileRef = 64B6CDCF2B821A9100C19276 /* SceneDelegate.swift */; };
		64B6CDD22B821A9100C19276 /* ViewController.swift in Sources */ = {isa = PBXBuildFile; fileRef = 64B6CDD12B821A9100C19276 /* ViewController.swift */; };
		64B6CDD52B821A9100C19276 /* Main.storyboard in Resources */ = {isa = PBXBuildFile; fileRef = 64B6CDD32B821A9100C19276 /* Main.storyboard */; };
		64B6CDD72B821A9300C19276 /* Assets.xcassets in Resources */ = {isa = PBXBuildFile; fileRef = 64B6CDD62B821A9300C19276 /* Assets.xcassets */; };
		64B6CDDA2B821A9300C19276 /* LaunchScreen.storyboard in Resources */ = {isa = PBXBuildFile; fileRef = 64B6CDD82B821A9300C19276 /* LaunchScreen.storyboard */; };
		64D6E3DF2B8389620082D465 /* KiwiKoinController.swift in Sources */ = {isa = PBXBuildFile; fileRef = 64D6E3DE2B8389620082D465 /* KiwiKoinController.swift */; };
/* End PBXBuildFile section */

/* Begin PBXFileReference section */
		54EC89B410E96B1F7446866F /* Pods-KiwiKoin.release.xcconfig */ = {isa = PBXFileReference; includeInIndex = 1; lastKnownFileType = text.xcconfig; name = "Pods-KiwiKoin.release.xcconfig"; path = "Target Support Files/Pods-KiwiKoin/Pods-KiwiKoin.release.xcconfig"; sourceTree = "<group>"; };
		643B108C2B861D2800FFFDB7 /* CoinResponse.swift */ = {isa = PBXFileReference; lastKnownFileType = sourcecode.swift; path = CoinResponse.swift; sourceTree = "<group>"; };
		643B108E2B8622E200FFFDB7 /* WebService.swift */ = {isa = PBXFileReference; lastKnownFileType = sourcecode.swift; path = WebService.swift; sourceTree = "<group>"; };
		643B10922B88B84E00FFFDB7 /* Enums.swift */ = {isa = PBXFileReference; lastKnownFileType = sourcecode.swift; path = Enums.swift; sourceTree = "<group>"; };
		643B10942B88B9AA00FFFDB7 /* CoinConverterViewModel.swift */ = {isa = PBXFileReference; lastKnownFileType = sourcecode.swift; path = CoinConverterViewModel.swift; sourceTree = "<group>"; };
		643B10972B8CC1F600FFFDB7 /* String.swift */ = {isa = PBXFileReference; lastKnownFileType = sourcecode.swift; path = String.swift; sourceTree = "<group>"; };
		643B10992B8CDC3A00FFFDB7 /* UIView.swift */ = {isa = PBXFileReference; lastKnownFileType = sourcecode.swift; path = UIView.swift; sourceTree = "<group>"; };
		643B109C2B8D169500FFFDB7 /* UserDefault.swift */ = {isa = PBXFileReference; lastKnownFileType = sourcecode.swift; path = UserDefault.swift; sourceTree = "<group>"; };
		64B6CDCA2B821A9100C19276 /* KiwiKoin.app */ = {isa = PBXFileReference; explicitFileType = wrapper.application; includeInIndex = 0; path = KiwiKoin.app; sourceTree = BUILT_PRODUCTS_DIR; };
		64B6CDCD2B821A9100C19276 /* AppDelegate.swift */ = {isa = PBXFileReference; lastKnownFileType = sourcecode.swift; path = AppDelegate.swift; sourceTree = "<group>"; };
		64B6CDCF2B821A9100C19276 /* SceneDelegate.swift */ = {isa = PBXFileReference; lastKnownFileType = sourcecode.swift; path = SceneDelegate.swift; sourceTree = "<group>"; };
		64B6CDD12B821A9100C19276 /* ViewController.swift */ = {isa = PBXFileReference; lastKnownFileType = sourcecode.swift; path = ViewController.swift; sourceTree = "<group>"; };
		64B6CDD42B821A9100C19276 /* Base */ = {isa = PBXFileReference; lastKnownFileType = file.storyboard; name = Base; path = Base.lproj/Main.storyboard; sourceTree = "<group>"; };
		64B6CDD62B821A9300C19276 /* Assets.xcassets */ = {isa = PBXFileReference; lastKnownFileType = folder.assetcatalog; path = Assets.xcassets; sourceTree = "<group>"; };
		64B6CDD92B821A9300C19276 /* Base */ = {isa = PBXFileReference; lastKnownFileType = file.storyboard; name = Base; path = Base.lproj/LaunchScreen.storyboard; sourceTree = "<group>"; };
		64B6CDDB2B821A9300C19276 /* Info.plist */ = {isa = PBXFileReference; lastKnownFileType = text.plist.xml; path = Info.plist; sourceTree = "<group>"; };
		64D6E3DE2B8389620082D465 /* KiwiKoinController.swift */ = {isa = PBXFileReference; lastKnownFileType = sourcecode.swift; path = KiwiKoinController.swift; sourceTree = "<group>"; };
		998FE6E2C4F08E0D1CABD980 /* Pods-KiwiKoin.debug.xcconfig */ = {isa = PBXFileReference; includeInIndex = 1; lastKnownFileType = text.xcconfig; name = "Pods-KiwiKoin.debug.xcconfig"; path = "Target Support Files/Pods-KiwiKoin/Pods-KiwiKoin.debug.xcconfig"; sourceTree = "<group>"; };
		F0C75457162140D684961BD8 /* Pods_KiwiKoin.framework */ = {isa = PBXFileReference; explicitFileType = wrapper.framework; includeInIndex = 0; path = Pods_KiwiKoin.framework; sourceTree = BUILT_PRODUCTS_DIR; };
/* End PBXFileReference section */

/* Begin PBXFrameworksBuildPhase section */
		64B6CDC72B821A9100C19276 /* Frameworks */ = {
			isa = PBXFrameworksBuildPhase;
			buildActionMask = 2147483647;
			files = (
				282C640BE199843A2B4D2D43 /* Pods_KiwiKoin.framework in Frameworks */,
			);
			runOnlyForDeploymentPostprocessing = 0;
		};
/* End PBXFrameworksBuildPhase section */

/* Begin PBXGroup section */
		643B10902B88B82A00FFFDB7 /* Suporte */ = {
			isa = PBXGroup;
			children = (
				643B109B2B8D167400FFFDB7 /* UserDefault */,
				643B10962B8CC1E000FFFDB7 /* Extensions */,
				643B10912B88B83600FFFDB7 /* Enum */,
			);
			path = Suporte;
			sourceTree = "<group>";
		};
		643B10912B88B83600FFFDB7 /* Enum */ = {
			isa = PBXGroup;
			children = (
				643B10922B88B84E00FFFDB7 /* Enums.swift */,
			);
			path = Enum;
			sourceTree = "<group>";
		};
		643B10962B8CC1E000FFFDB7 /* Extensions */ = {
			isa = PBXGroup;
			children = (
				643B10972B8CC1F600FFFDB7 /* String.swift */,
				643B10992B8CDC3A00FFFDB7 /* UIView.swift */,
			);
			path = Extensions;
			sourceTree = "<group>";
		};
		643B109B2B8D167400FFFDB7 /* UserDefault */ = {
			isa = PBXGroup;
			children = (
				643B109C2B8D169500FFFDB7 /* UserDefault.swift */,
			);
			path = UserDefault;
			sourceTree = "<group>";
		};
		64B6CDC12B821A9100C19276 = {
			isa = PBXGroup;
			children = (
				64B6CDCC2B821A9100C19276 /* KiwiKoin */,
				64B6CDCB2B821A9100C19276 /* Products */,
				D58D85B7419601C9BF49CFC7 /* Pods */,
				E6232B6D92AC8D0EC36F04FC /* Frameworks */,
			);
			sourceTree = "<group>";
		};
		64B6CDCB2B821A9100C19276 /* Products */ = {
			isa = PBXGroup;
			children = (
				64B6CDCA2B821A9100C19276 /* KiwiKoin.app */,
			);
			name = Products;
			sourceTree = "<group>";
		};
		64B6CDCC2B821A9100C19276 /* KiwiKoin */ = {
			isa = PBXGroup;
			children = (
				643B10902B88B82A00FFFDB7 /* Suporte */,
				64F008172B821C0100E3DD32 /* Controller */,
				64F008182B821C0E00E3DD32 /* Model */,
				64F008192B821C2400E3DD32 /* View */,
				64F0081A2B821C2C00E3DD32 /* ViewModel */,
				64F0081B2B821C6200E3DD32 /* WebService */,
				64B6CDCD2B821A9100C19276 /* AppDelegate.swift */,
				64B6CDCF2B821A9100C19276 /* SceneDelegate.swift */,
				64B6CDD12B821A9100C19276 /* ViewController.swift */,
				64B6CDD62B821A9300C19276 /* Assets.xcassets */,
				64B6CDD82B821A9300C19276 /* LaunchScreen.storyboard */,
				64B6CDDB2B821A9300C19276 /* Info.plist */,
			);
			path = KiwiKoin;
			sourceTree = "<group>";
		};
		64F008172B821C0100E3DD32 /* Controller */ = {
			isa = PBXGroup;
			children = (
			);
			path = Controller;
			sourceTree = "<group>";
		};
		64F008182B821C0E00E3DD32 /* Model */ = {
			isa = PBXGroup;
			children = (
				643B108C2B861D2800FFFDB7 /* CoinResponse.swift */,
			);
			path = Model;
			sourceTree = "<group>";
		};
		64F008192B821C2400E3DD32 /* View */ = {
			isa = PBXGroup;
			children = (
				64B6CDD32B821A9100C19276 /* Main.storyboard */,
				64D6E3DE2B8389620082D465 /* KiwiKoinController.swift */,
			);
			path = View;
			sourceTree = "<group>";
		};
		64F0081A2B821C2C00E3DD32 /* ViewModel */ = {
			isa = PBXGroup;
			children = (
				643B10942B88B9AA00FFFDB7 /* CoinConverterViewModel.swift */,
			);
			path = ViewModel;
			sourceTree = "<group>";
		};
		64F0081B2B821C6200E3DD32 /* WebService */ = {
			isa = PBXGroup;
			children = (
				643B108E2B8622E200FFFDB7 /* WebService.swift */,
			);
			path = WebService;
			sourceTree = "<group>";
		};
		D58D85B7419601C9BF49CFC7 /* Pods */ = {
			isa = PBXGroup;
			children = (
				998FE6E2C4F08E0D1CABD980 /* Pods-KiwiKoin.debug.xcconfig */,
				54EC89B410E96B1F7446866F /* Pods-KiwiKoin.release.xcconfig */,
			);
			path = Pods;
			sourceTree = "<group>";
		};
		E6232B6D92AC8D0EC36F04FC /* Frameworks */ = {
			isa = PBXGroup;
			children = (
				F0C75457162140D684961BD8 /* Pods_KiwiKoin.framework */,
			);
			name = Frameworks;
			sourceTree = "<group>";
		};
/* End PBXGroup section */

/* Begin PBXNativeTarget section */
		64B6CDC92B821A9100C19276 /* KiwiKoin */ = {
			isa = PBXNativeTarget;
			buildConfigurationList = 64B6CDDE2B821A9300C19276 /* Build configuration list for PBXNativeTarget "KiwiKoin" */;
			buildPhases = (
				894F8A96087634560A49D6BF /* [CP] Check Pods Manifest.lock */,
				64B6CDC62B821A9100C19276 /* Sources */,
				64B6CDC72B821A9100C19276 /* Frameworks */,
				64B6CDC82B821A9100C19276 /* Resources */,
				441DCDCC6582769D9692A2D3 /* [CP] Embed Pods Frameworks */,
			);
			buildRules = (
			);
			dependencies = (
			);
			name = KiwiKoin;
			productName = KiwiKoin;
			productReference = 64B6CDCA2B821A9100C19276 /* KiwiKoin.app */;
			productType = "com.apple.product-type.application";
		};
/* End PBXNativeTarget section */

/* Begin PBXProject section */
		64B6CDC22B821A9100C19276 /* Project object */ = {
			isa = PBXProject;
			attributes = {
				BuildIndependentTargetsInParallel = 1;
				LastSwiftUpdateCheck = 1520;
				LastUpgradeCheck = 1520;
				TargetAttributes = {
					64B6CDC92B821A9100C19276 = {
						CreatedOnToolsVersion = 15.2;
					};
				};
			};
			buildConfigurationList = 64B6CDC52B821A9100C19276 /* Build configuration list for PBXProject "KiwiKoin" */;
			compatibilityVersion = "Xcode 14.0";
			developmentRegion = en;
			hasScannedForEncodings = 0;
			knownRegions = (
				en,
				Base,
			);
			mainGroup = 64B6CDC12B821A9100C19276;
			productRefGroup = 64B6CDCB2B821A9100C19276 /* Products */;
			projectDirPath = "";
			projectRoot = "";
			targets = (
				64B6CDC92B821A9100C19276 /* KiwiKoin */,
			);
		};
/* End PBXProject section */

/* Begin PBXResourcesBuildPhase section */
		64B6CDC82B821A9100C19276 /* Resources */ = {
			isa = PBXResourcesBuildPhase;
			buildActionMask = 2147483647;
			files = (
				64B6CDDA2B821A9300C19276 /* LaunchScreen.storyboard in Resources */,
				64B6CDD72B821A9300C19276 /* Assets.xcassets in Resources */,
				64B6CDD52B821A9100C19276 /* Main.storyboard in Resources */,
			);
			runOnlyForDeploymentPostprocessing = 0;
		};
/* End PBXResourcesBuildPhase section */

/* Begin PBXShellScriptBuildPhase section */
		441DCDCC6582769D9692A2D3 /* [CP] Embed Pods Frameworks */ = {
			isa = PBXShellScriptBuildPhase;
			buildActionMask = 2147483647;
			files = (
			);
			inputFileListPaths = (
				"${PODS_ROOT}/Target Support Files/Pods-KiwiKoin/Pods-KiwiKoin-frameworks-${CONFIGURATION}-input-files.xcfilelist",
			);
			name = "[CP] Embed Pods Frameworks";
			outputFileListPaths = (
				"${PODS_ROOT}/Target Support Files/Pods-KiwiKoin/Pods-KiwiKoin-frameworks-${CONFIGURATION}-output-files.xcfilelist",
			);
			runOnlyForDeploymentPostprocessing = 0;
			shellPath = /bin/sh;
			shellScript = "\"${PODS_ROOT}/Target Support Files/Pods-KiwiKoin/Pods-KiwiKoin-frameworks.sh\"\n";
			showEnvVarsInLog = 0;
		};
		894F8A96087634560A49D6BF /* [CP] Check Pods Manifest.lock */ = {
			isa = PBXShellScriptBuildPhase;
			buildActionMask = 2147483647;
			files = (
			);
			inputFileListPaths = (
			);
			inputPaths = (
				"${PODS_PODFILE_DIR_PATH}/Podfile.lock",
				"${PODS_ROOT}/Manifest.lock",
			);
			name = "[CP] Check Pods Manifest.lock";
			outputFileListPaths = (
			);
			outputPaths = (
				"$(DERIVED_FILE_DIR)/Pods-KiwiKoin-checkManifestLockResult.txt",
			);
			runOnlyForDeploymentPostprocessing = 0;
			shellPath = /bin/sh;
			shellScript = "diff \"${PODS_PODFILE_DIR_PATH}/Podfile.lock\" \"${PODS_ROOT}/Manifest.lock\" > /dev/null\nif [ $? != 0 ] ; then\n    # print error to STDERR\n    echo \"error: The sandbox is not in sync with the Podfile.lock. Run 'pod install' or update your CocoaPods installation.\" >&2\n    exit 1\nfi\n# This output is used by Xcode 'outputs' to avoid re-running this script phase.\necho \"SUCCESS\" > \"${SCRIPT_OUTPUT_FILE_0}\"\n";
			showEnvVarsInLog = 0;
		};
/* End PBXShellScriptBuildPhase section */

/* Begin PBXSourcesBuildPhase section */
		64B6CDC62B821A9100C19276 /* Sources */ = {
			isa = PBXSourcesBuildPhase;
			buildActionMask = 2147483647;
			files = (
				643B109A2B8CDC3A00FFFDB7 /* UIView.swift in Sources */,
				643B108F2B8622E200FFFDB7 /* WebService.swift in Sources */,
				64D6E3DF2B8389620082D465 /* KiwiKoinController.swift in Sources */,
				643B109D2B8D169500FFFDB7 /* UserDefault.swift in Sources */,
				64B6CDD22B821A9100C19276 /* ViewController.swift in Sources */,
				643B10982B8CC1F600FFFDB7 /* String.swift in Sources */,
				64B6CDCE2B821A9100C19276 /* AppDelegate.swift in Sources */,
				643B10952B88B9AA00FFFDB7 /* CoinConverterViewModel.swift in Sources */,
				643B10932B88B84E00FFFDB7 /* Enums.swift in Sources */,
				64B6CDD02B821A9100C19276 /* SceneDelegate.swift in Sources */,
				643B108D2B861D2800FFFDB7 /* CoinResponse.swift in Sources */,
			);
			runOnlyForDeploymentPostprocessing = 0;
		};
/* End PBXSourcesBuildPhase section */

/* Begin PBXVariantGroup section */
		64B6CDD32B821A9100C19276 /* Main.storyboard */ = {
			isa = PBXVariantGroup;
			children = (
				64B6CDD42B821A9100C19276 /* Base */,
			);
			name = Main.storyboard;
			sourceTree = "<group>";
		};
		64B6CDD82B821A9300C19276 /* LaunchScreen.storyboard */ = {
			isa = PBXVariantGroup;
			children = (
				64B6CDD92B821A9300C19276 /* Base */,
			);
			name = LaunchScreen.storyboard;
			sourceTree = "<group>";
		};
/* End PBXVariantGroup section */

/* Begin XCBuildConfiguration section */
		64B6CDDC2B821A9300C19276 /* Debug */ = {
			isa = XCBuildConfiguration;
			buildSettings = {
				ALWAYS_SEARCH_USER_PATHS = NO;
				ASSETCATALOG_COMPILER_GENERATE_SWIFT_ASSET_SYMBOL_EXTENSIONS = YES;
				CLANG_ANALYZER_NONNULL = YES;
				CLANG_ANALYZER_NUMBER_OBJECT_CONVERSION = YES_AGGRESSIVE;
				CLANG_CXX_LANGUAGE_STANDARD = "gnu++20";
				CLANG_ENABLE_MODULES = YES;
				CLANG_ENABLE_OBJC_ARC = YES;
				CLANG_ENABLE_OBJC_WEAK = YES;
				CLANG_WARN_BLOCK_CAPTURE_AUTORELEASING = YES;
				CLANG_WARN_BOOL_CONVERSION = YES;
				CLANG_WARN_COMMA = YES;
				CLANG_WARN_CONSTANT_CONVERSION = YES;
				CLANG_WARN_DEPRECATED_OBJC_IMPLEMENTATIONS = YES;
				CLANG_WARN_DIRECT_OBJC_ISA_USAGE = YES_ERROR;
				CLANG_WARN_DOCUMENTATION_COMMENTS = YES;
				CLANG_WARN_EMPTY_BODY = YES;
				CLANG_WARN_ENUM_CONVERSION = YES;
				CLANG_WARN_INFINITE_RECURSION = YES;
				CLANG_WARN_INT_CONVERSION = YES;
				CLANG_WARN_NON_LITERAL_NULL_CONVERSION = YES;
				CLANG_WARN_OBJC_IMPLICIT_RETAIN_SELF = YES;
				CLANG_WARN_OBJC_LITERAL_CONVERSION = YES;
				CLANG_WARN_OBJC_ROOT_CLASS = YES_ERROR;
				CLANG_WARN_QUOTED_INCLUDE_IN_FRAMEWORK_HEADER = YES;
				CLANG_WARN_RANGE_LOOP_ANALYSIS = YES;
				CLANG_WARN_STRICT_PROTOTYPES = YES;
				CLANG_WARN_SUSPICIOUS_MOVE = YES;
				CLANG_WARN_UNGUARDED_AVAILABILITY = YES_AGGRESSIVE;
				CLANG_WARN_UNREACHABLE_CODE = YES;
				CLANG_WARN__DUPLICATE_METHOD_MATCH = YES;
				COPY_PHASE_STRIP = NO;
				DEBUG_INFORMATION_FORMAT = dwarf;
				ENABLE_STRICT_OBJC_MSGSEND = YES;
				ENABLE_TESTABILITY = YES;
				ENABLE_USER_SCRIPT_SANDBOXING = NO;
				GCC_C_LANGUAGE_STANDARD = gnu17;
				GCC_DYNAMIC_NO_PIC = NO;
				GCC_NO_COMMON_BLOCKS = YES;
				GCC_OPTIMIZATION_LEVEL = 0;
				GCC_PREPROCESSOR_DEFINITIONS = (
					"DEBUG=1",
					"$(inherited)",
				);
				GCC_WARN_64_TO_32_BIT_CONVERSION = YES;
				GCC_WARN_ABOUT_RETURN_TYPE = YES_ERROR;
				GCC_WARN_UNDECLARED_SELECTOR = YES;
				GCC_WARN_UNINITIALIZED_AUTOS = YES_AGGRESSIVE;
				GCC_WARN_UNUSED_FUNCTION = YES;
				GCC_WARN_UNUSED_VARIABLE = YES;
				IPHONEOS_DEPLOYMENT_TARGET = 17.2;
				LOCALIZATION_PREFERS_STRING_CATALOGS = YES;
				MTL_ENABLE_DEBUG_INFO = INCLUDE_SOURCE;
				MTL_FAST_MATH = YES;
				ONLY_ACTIVE_ARCH = YES;
				SDKROOT = iphoneos;
				SWIFT_ACTIVE_COMPILATION_CONDITIONS = "DEBUG $(inherited)";
				SWIFT_OPTIMIZATION_LEVEL = "-Onone";
			};
			name = Debug;
		};
		64B6CDDD2B821A9300C19276 /* Release */ = {
			isa = XCBuildConfiguration;
			buildSettings = {
				ALWAYS_SEARCH_USER_PATHS = NO;
				ASSETCATALOG_COMPILER_GENERATE_SWIFT_ASSET_SYMBOL_EXTENSIONS = YES;
				CLANG_ANALYZER_NONNULL = YES;
				CLANG_ANALYZER_NUMBER_OBJECT_CONVERSION = YES_AGGRESSIVE;
				CLANG_CXX_LANGUAGE_STANDARD = "gnu++20";
				CLANG_ENABLE_MODULES = YES;
				CLANG_ENABLE_OBJC_ARC = YES;
				CLANG_ENABLE_OBJC_WEAK = YES;
				CLANG_WARN_BLOCK_CAPTURE_AUTORELEASING = YES;
				CLANG_WARN_BOOL_CONVERSION = YES;
				CLANG_WARN_COMMA = YES;
				CLANG_WARN_CONSTANT_CONVERSION = YES;
				CLANG_WARN_DEPRECATED_OBJC_IMPLEMENTATIONS = YES;
				CLANG_WARN_DIRECT_OBJC_ISA_USAGE = YES_ERROR;
				CLANG_WARN_DOCUMENTATION_COMMENTS = YES;
				CLANG_WARN_EMPTY_BODY = YES;
				CLANG_WARN_ENUM_CONVERSION = YES;
				CLANG_WARN_INFINITE_RECURSION = YES;
				CLANG_WARN_INT_CONVERSION = YES;
				CLANG_WARN_NON_LITERAL_NULL_CONVERSION = YES;
				CLANG_WARN_OBJC_IMPLICIT_RETAIN_SELF = YES;
				CLANG_WARN_OBJC_LITERAL_CONVERSION = YES;
				CLANG_WARN_OBJC_ROOT_CLASS = YES_ERROR;
				CLANG_WARN_QUOTED_INCLUDE_IN_FRAMEWORK_HEADER = YES;
				CLANG_WARN_RANGE_LOOP_ANALYSIS = YES;
				CLANG_WARN_STRICT_PROTOTYPES = YES;
				CLANG_WARN_SUSPICIOUS_MOVE = YES;
				CLANG_WARN_UNGUARDED_AVAILABILITY = YES_AGGRESSIVE;
				CLANG_WARN_UNREACHABLE_CODE = YES;
				CLANG_WARN__DUPLICATE_METHOD_MATCH = YES;
				COPY_PHASE_STRIP = NO;
				DEBUG_INFORMATION_FORMAT = "dwarf-with-dsym";
				ENABLE_NS_ASSERTIONS = NO;
				ENABLE_STRICT_OBJC_MSGSEND = YES;
				ENABLE_USER_SCRIPT_SANDBOXING = NO;
				GCC_C_LANGUAGE_STANDARD = gnu17;
				GCC_NO_COMMON_BLOCKS = YES;
				GCC_WARN_64_TO_32_BIT_CONVERSION = YES;
				GCC_WARN_ABOUT_RETURN_TYPE = YES_ERROR;
				GCC_WARN_UNDECLARED_SELECTOR = YES;
				GCC_WARN_UNINITIALIZED_AUTOS = YES_AGGRESSIVE;
				GCC_WARN_UNUSED_FUNCTION = YES;
				GCC_WARN_UNUSED_VARIABLE = YES;
				IPHONEOS_DEPLOYMENT_TARGET = 17.2;
				LOCALIZATION_PREFERS_STRING_CATALOGS = YES;
				MTL_ENABLE_DEBUG_INFO = NO;
				MTL_FAST_MATH = YES;
				SDKROOT = iphoneos;
				SWIFT_COMPILATION_MODE = wholemodule;
				VALIDATE_PRODUCT = YES;
			};
			name = Release;
		};
		64B6CDDF2B821A9300C19276 /* Debug */ = {
			isa = XCBuildConfiguration;
			baseConfigurationReference = 998FE6E2C4F08E0D1CABD980 /* Pods-KiwiKoin.debug.xcconfig */;
			buildSettings = {
				ASSETCATALOG_COMPILER_APPICON_NAME = AppIcon;
				ASSETCATALOG_COMPILER_GLOBAL_ACCENT_COLOR_NAME = AccentColor;
				CODE_SIGN_STYLE = Automatic;
				CURRENT_PROJECT_VERSION = 1;
				GENERATE_INFOPLIST_FILE = YES;
				INFOPLIST_FILE = KiwiKoin/Info.plist;
				INFOPLIST_KEY_UIApplicationSupportsIndirectInputEvents = YES;
				INFOPLIST_KEY_UILaunchStoryboardName = LaunchScreen;
				INFOPLIST_KEY_UIMainStoryboardFile = Main;
				INFOPLIST_KEY_UISupportedInterfaceOrientations_iPad = "UIInterfaceOrientationPortrait UIInterfaceOrientationPortraitUpsideDown UIInterfaceOrientationLandscapeLeft UIInterfaceOrientationLandscapeRight";
				INFOPLIST_KEY_UISupportedInterfaceOrientations_iPhone = "UIInterfaceOrientationPortrait UIInterfaceOrientationLandscapeLeft UIInterfaceOrientationLandscapeRight";
				LD_RUNPATH_SEARCH_PATHS = (
					"$(inherited)",
					"@executable_path/Frameworks",
				);
				MARKETING_VERSION = 1.0;
				PRODUCT_BUNDLE_IDENTIFIER = andersonmlima.KiwiKoin;
				PRODUCT_NAME = "$(TARGET_NAME)";
				SUPPORTED_PLATFORMS = "iphoneos iphonesimulator";
				SUPPORTS_MACCATALYST = NO;
				SUPPORTS_MAC_DESIGNED_FOR_IPHONE_IPAD = NO;
				SUPPORTS_XR_DESIGNED_FOR_IPHONE_IPAD = NO;
				SWIFT_EMIT_LOC_STRINGS = YES;
				SWIFT_VERSION = 5.0;
				TARGETED_DEVICE_FAMILY = 1;
			};
			name = Debug;
		};
		64B6CDE02B821A9300C19276 /* Release */ = {
			isa = XCBuildConfiguration;
			baseConfigurationReference = 54EC89B410E96B1F7446866F /* Pods-KiwiKoin.release.xcconfig */;
			buildSettings = {
				ASSETCATALOG_COMPILER_APPICON_NAME = AppIcon;
				ASSETCATALOG_COMPILER_GLOBAL_ACCENT_COLOR_NAME = AccentColor;
				CODE_SIGN_STYLE = Automatic;
				CURRENT_PROJECT_VERSION = 1;
				GENERATE_INFOPLIST_FILE = YES;
				INFOPLIST_FILE = KiwiKoin/Info.plist;
				INFOPLIST_KEY_UIApplicationSupportsIndirectInputEvents = YES;
				INFOPLIST_KEY_UILaunchStoryboardName = LaunchScreen;
				INFOPLIST_KEY_UIMainStoryboardFile = Main;
				INFOPLIST_KEY_UISupportedInterfaceOrientations_iPad = "UIInterfaceOrientationPortrait UIInterfaceOrientationPortraitUpsideDown UIInterfaceOrientationLandscapeLeft UIInterfaceOrientationLandscapeRight";
				INFOPLIST_KEY_UISupportedInterfaceOrientations_iPhone = "UIInterfaceOrientationPortrait UIInterfaceOrientationLandscapeLeft UIInterfaceOrientationLandscapeRight";
				LD_RUNPATH_SEARCH_PATHS = (
					"$(inherited)",
					"@executable_path/Frameworks",
				);
				MARKETING_VERSION = 1.0;
				PRODUCT_BUNDLE_IDENTIFIER = andersonmlima.KiwiKoin;
				PRODUCT_NAME = "$(TARGET_NAME)";
				SUPPORTED_PLATFORMS = "iphoneos iphonesimulator";
				SUPPORTS_MACCATALYST = NO;
				SUPPORTS_MAC_DESIGNED_FOR_IPHONE_IPAD = NO;
				SUPPORTS_XR_DESIGNED_FOR_IPHONE_IPAD = NO;
				SWIFT_EMIT_LOC_STRINGS = YES;
				SWIFT_VERSION = 5.0;
				TARGETED_DEVICE_FAMILY = 1;
			};
			name = Release;
		};
/* End XCBuildConfiguration section */

/* Begin XCConfigurationList section */
		64B6CDC52B821A9100C19276 /* Build configuration list for PBXProject "KiwiKoin" */ = {
			isa = XCConfigurationList;
			buildConfigurations = (
				64B6CDDC2B821A9300C19276 /* Debug */,
				64B6CDDD2B821A9300C19276 /* Release */,
			);
			defaultConfigurationIsVisible = 0;
			defaultConfigurationName = Release;
		};
		64B6CDDE2B821A9300C19276 /* Build configuration list for PBXNativeTarget "KiwiKoin" */ = {
			isa = XCConfigurationList;
			buildConfigurations = (
				64B6CDDF2B821A9300C19276 /* Debug */,
				64B6CDE02B821A9300C19276 /* Release */,
			);
			defaultConfigurationIsVisible = 0;
			defaultConfigurationName = Release;
		};
/* End XCConfigurationList section */
	};
	rootObject = 64B6CDC22B821A9100C19276 /* Project object */;
}
